{
  "name": "sprint-planner-local",
  "version": "1.0.0",
  "lockfileVersion": 1,
  "requires": true,
  "dependencies": {
    "@types/jquery": {
      "version": "3.3.29",
      "resolved": "https://registry.npmjs.org/@types/jquery/-/jquery-3.3.29.tgz",
      "integrity": "sha512-FhJvBninYD36v3k6c+bVk1DSZwh7B5Dpb/Pyk3HKVsiohn0nhbefZZ+3JXbWQhFyt0MxSl2jRDdGQPHeOHFXrQ==",
      "requires": {
        "@types/sizzle": "*"
      }
    },
    "@types/jqueryui": {
      "version": "1.12.7",
      "resolved": "https://registry.npmjs.org/@types/jqueryui/-/jqueryui-1.12.7.tgz",
      "integrity": "sha512-MpHuknhR20kBNsDA2VAM6WZGc+CMApzfKfTZuzMOH2dEUzo5POPGicfGJ647wvl2T6ZgQKPCSWmCUhna3XpX0Q==",
      "requires": {
        "@types/jquery": "*"
      }
    },
    "@types/knockout": {
      "version": "3.4.63",
      "resolved": "https://registry.npmjs.org/@types/knockout/-/knockout-3.4.63.tgz",
      "integrity": "sha512-HMxBhdSwY7O/9YDs02aPXa0KkPq0fPFLmNyM4sRt1ET5qULgmzMfYF0twEhTHHZt66HvXZccYLzfO+DqxeXhNg=="
    },
    "@types/mousetrap": {
      "version": "1.5.34",
      "resolved": "https://registry.npmjs.org/@types/mousetrap/-/mousetrap-1.5.34.tgz",
      "integrity": "sha512-a2yhRIADupQfOFM75v7GfcQQLUxU705+i/xcZ3N/3PK3Xdo31SUfuCUByWPGOHB1e38m7MxTx/D8FPVsJXZKJw=="
    },
    "@types/q": {
      "version": "0.0.32",
      "resolved": "https://registry.npmjs.org/@types/q/-/q-0.0.32.tgz",
      "integrity": "sha1-vShOV8hPEyXacCur/IKlMoGQwMU="
    },
    "@types/react": {
      "version": "15.6.21",
      "resolved": "https://registry.npmjs.org/@types/react/-/react-15.6.21.tgz",
      "integrity": "sha512-XpKrM3ohs7pPOWpwPnaAoxbXMI5REcBTZm/c+WTLpfaAoDf99pnQAkTkg6DyPpnkmBbykhowaBd0sHP0+K7n0g=="
    },
    "@types/requirejs": {
      "version": "2.1.31",
      "resolved": "https://registry.npmjs.org/@types/requirejs/-/requirejs-2.1.31.tgz",
      "integrity": "sha512-b2soeyuU76rMbcRJ4e0hEl0tbMhFwZeTC0VZnfuWlfGlk6BwWNsev6kFu/twKABPX29wkX84wU2o+cEJoXsiTw=="
    },
    "@types/sizzle": {
      "version": "2.3.2",
      "resolved": "https://registry.npmjs.org/@types/sizzle/-/sizzle-2.3.2.tgz",
      "integrity": "sha512-7EJYyKTL7tFR8+gDbB6Wwz/arpGa0Mywk1TJbNzKzHtzbwVmY4HR9WqS5VV7dsBUKQmPNr192jHr/VpBluj/hg=="
    },
    "lodash": {
      "version": "4.17.11",
      "resolved": "https://registry.npmjs.org/lodash/-/lodash-4.17.11.tgz",
      "integrity": "sha512-cQKh8igo5QUhZ7lg38DYWAxMvjSAKG0A8wGSVimP07SIUEK2UO+arSRKbRZWtelMtN5V0Hkwh5ryOto/SshYIg=="
    },
    "moment": {
      "version": "2.24.0",
      "resolved": "https://registry.npmjs.org/moment/-/moment-2.24.0.tgz",
      "integrity": "sha512-bV7f+6l2QigeBBZSM/6yTNq4P2fNpSWj/0e7jQcy87A8e7o2nAfP/34/2ky5Vw4B9S446EtIhodAzkFCcR4dQg=="
    },
    "vss-web-extension-sdk": {
      "version": "5.141.0",
      "resolved": "https://registry.npmjs.org/vss-web-extension-sdk/-/vss-web-extension-sdk-5.141.0.tgz",
      "integrity": "sha512-c/r/HWQh4hljKOSNQMiFoeICckKFfU/1nxDCVFhioDHOE8B0i5aJN9rrihGilgMXugzl8K5hBsZs42eFqd30AQ==",
      "requires": {
        "@types/jquery": ">=2.0.48",
        "@types/jqueryui": ">=1.11.34",
        "@types/knockout": "^3.4.49",
        "@types/mousetrap": "~1.5.34",
        "@types/q": "0.0.32",
        "@types/react": "^15.6.12",
        "@types/requirejs": ">=2.1.28"
      }
    },
    "vue": {
      "version": "2.6.5",
      "resolved": "https://registry.npmjs.org/vue/-/vue-2.6.5.tgz",
      "integrity": "sha512-htb449YZnpJ5ts+JjXQHVuvH3R3dcaGBe6/ePAwtsRj4cA1FG/OI0rHDCSMs+L9ZHDzpX7ru//Usb/2R3XfQaQ=="
    },
    "vue-draggable-resizable": {
      "version": "2.0.0-rc1",
      "resolved": "https://registry.npmjs.org/vue-draggable-resizable/-/vue-draggable-resizable-2.0.0-rc1.tgz",
      "integrity": "sha512-Zqe14L8BmMPEA7j1/lpLavLP4i5En2otsPtk4NNQphlCyDHvEh748C/WJ3g9XMV5KN980bZGTPE8NWsGl0Qq2A=="
    },
    "vue-multiselect": {
      "version": "2.1.3",
      "resolved": "https://registry.npmjs.org/vue-multiselect/-/vue-multiselect-2.1.3.tgz",
      "integrity": "sha512-ANLvoLEZv5uzissmh2WSHTn8DGhqsKi6zVtctpf1wnGK6vmZBktQZzeuHGxH7KpIb+4A6BlXmq0RR08jtQ67tg=="
    },
    "vuetify": {
      "version": "1.5.0",
      "resolved": "https://registry.npmjs.org/vuetify/-/vuetify-1.5.0.tgz",
      "integrity": "sha512-I2bITwvtkfbUf2hfrKo3Uta4egpv5KzEcKR1czgdyjZdA1nlo96XV2EDu0XetLl6p+AjhOqwlZWbLSezy9ZZmQ=="
    }
  }
}
